
Microsoft Visual Studio Solution File, Format Version 12.00
# Visual Studio Version 16
VisualStudioVersion = 16.0.31424.327
MinimumVisualStudioVersion = 10.0.40219.1
Project("{FAE04EC0-301F-11D3-BF4B-00C04F79EFBC}") = "WebTaskTwo", "WebTaskTwo\WebTaskTwo.csproj", "{75D31A07-D84C-4D47-A58F-3A5656D3EC83}"
EndProject
Global
	GlobalSection(SolutionConfigurationPlatforms) = preSolution
		Debug|Any CPU = Debug|Any CPU
		Release|Any CPU = Release|Any CPU
	EndGlobalSection
	GlobalSection(ProjectConfigurationPlatforms) = postSolution
		{75D31A07-D84C-4D47-A58F-3A5656D3EC83}.Debug|Any CPU.ActiveCfg = Debug|Any CPU
		{75D31A07-D84C-4D47-A58F-3A5656D3EC83}.Debug|Any CPU.Build.0 = Debug|Any CPU
		{75D31A07-D84C-4D47-A58F-3A5656D3EC83}.Release|Any CPU.ActiveCfg = Release|Any CPU
		{75D31A07-D84C-4D47-A58F-3A5656D3EC83}.Release|Any CPU.Build.0 = Release|Any CPU
	EndGlobalSection
	GlobalSection(SolutionProperties) = preSolution
		HideSolutionNode = FALSE
	EndGlobalSection
	GlobalSection(ExtensibilityGlobals) = postSolution
		SolutionGuid = {FC3D90BA-B37C-48B8-A2D1-3C910846CC97}
	EndGlobalSection
EndGlobal
